
Microsoft Visual Studio Solution File, Format Version 12.00
# Visual Studio Version 17
VisualStudioVersion = 17.10.34916.146
MinimumVisualStudioVersion = 10.0.40219.1
Project("{FAE04EC0-301F-11D3-BF4B-00C04F79EFBC}") = "RegisterAndLoginApp", "RegisterAndLoginApp\RegisterAndLoginApp.csproj", "{8DF804B2-4429-4A8B-A982-25A50594235D}"
EndProject
Global
	GlobalSection(SolutionConfigurationPlatforms) = preSolution
		Debug|Any CPU = Debug|Any CPU
		Release|Any CPU = Release|Any CPU
	EndGlobalSection
	GlobalSection(ProjectConfigurationPlatforms) = postSolution
		{8DF804B2-4429-4A8B-A982-25A50594235D}.Debug|Any CPU.ActiveCfg = Debug|Any CPU
		{8DF804B2-4429-4A8B-A982-25A50594235D}.Debug|Any CPU.Build.0 = Debug|Any CPU
		{8DF804B2-4429-4A8B-A982-25A50594235D}.Release|Any CPU.ActiveCfg = Release|Any CPU
		{8DF804B2-4429-4A8B-A982-25A50594235D}.Release|Any CPU.Build.0 = Release|Any CPU
	EndGlobalSection
	GlobalSection(SolutionProperties) = preSolution
		HideSolutionNode = FALSE
	EndGlobalSection
	GlobalSection(ExtensibilityGlobals) = postSolution
		SolutionGuid = {2F76D5A5-3B60-4FD5-B404-D29845171D2E}
	EndGlobalSection
EndGlobal
